
Microsoft Visual Studio Solution File, Format Version 12.00
# Visual Studio 2013
VisualStudioVersion = 12.0.40629.0
MinimumVisualStudioVersion = 10.0.40219.1
Project("{FAE04EC0-301F-11D3-BF4B-00C04F79EFBC}") = "SignUp.Presentation", "SignUp.Presentation\SignUp.Presentation.csproj", "{D7DEE0FB-2F10-4AD3-B397-3971AFEE17B2}"
EndProject
Project("{FAE04EC0-301F-11D3-BF4B-00C04F79EFBC}") = "SignUp.DataModel", "SignUp.DataModel\SignUp.DataModel.csproj", "{1997CB9B-FEBB-4556-B545-B448E0326A13}"
EndProject
Project("{FAE04EC0-301F-11D3-BF4B-00C04F79EFBC}") = "SignUp.ViewModel", "SignUp.ViewModel\SignUp.ViewModel.csproj", "{B32F06B0-86F0-4AE5-8BB0-51267D75D21D}"
EndProject
Project("{FAE04EC0-301F-11D3-BF4B-00C04F79EFBC}") = "SignUp.Business", "SignUp.Business\SignUp.Business.csproj", "{21BDEA54-D38D-4DC5-8026-482F79C7F6B8}"
EndProject
Project("{FAE04EC0-301F-11D3-BF4B-00C04F79EFBC}") = "SignUp.Repository", "SignUp.Repository\SignUp.Repository.csproj", "{1C097BA2-99E6-42A0-887C-9108E5265E6A}"
EndProject
Global
	GlobalSection(SolutionConfigurationPlatforms) = preSolution
		Debug|Any CPU = Debug|Any CPU
		Release|Any CPU = Release|Any CPU
	EndGlobalSection
	GlobalSection(ProjectConfigurationPlatforms) = postSolution
		{D7DEE0FB-2F10-4AD3-B397-3971AFEE17B2}.Debug|Any CPU.ActiveCfg = Debug|Any CPU
		{D7DEE0FB-2F10-4AD3-B397-3971AFEE17B2}.Debug|Any CPU.Build.0 = Debug|Any CPU
		{D7DEE0FB-2F10-4AD3-B397-3971AFEE17B2}.Release|Any CPU.ActiveCfg = Release|Any CPU
		{D7DEE0FB-2F10-4AD3-B397-3971AFEE17B2}.Release|Any CPU.Build.0 = Release|Any CPU
		{1997CB9B-FEBB-4556-B545-B448E0326A13}.Debug|Any CPU.ActiveCfg = Debug|Any CPU
		{1997CB9B-FEBB-4556-B545-B448E0326A13}.Debug|Any CPU.Build.0 = Debug|Any CPU
		{1997CB9B-FEBB-4556-B545-B448E0326A13}.Release|Any CPU.ActiveCfg = Release|Any CPU
		{1997CB9B-FEBB-4556-B545-B448E0326A13}.Release|Any CPU.Build.0 = Release|Any CPU
		{B32F06B0-86F0-4AE5-8BB0-51267D75D21D}.Debug|Any CPU.ActiveCfg = Debug|Any CPU
		{B32F06B0-86F0-4AE5-8BB0-51267D75D21D}.Debug|Any CPU.Build.0 = Debug|Any CPU
		{B32F06B0-86F0-4AE5-8BB0-51267D75D21D}.Release|Any CPU.ActiveCfg = Release|Any CPU
		{B32F06B0-86F0-4AE5-8BB0-51267D75D21D}.Release|Any CPU.Build.0 = Release|Any CPU
		{21BDEA54-D38D-4DC5-8026-482F79C7F6B8}.Debug|Any CPU.ActiveCfg = Debug|Any CPU
		{21BDEA54-D38D-4DC5-8026-482F79C7F6B8}.Debug|Any CPU.Build.0 = Debug|Any CPU
		{21BDEA54-D38D-4DC5-8026-482F79C7F6B8}.Release|Any CPU.ActiveCfg = Release|Any CPU
		{21BDEA54-D38D-4DC5-8026-482F79C7F6B8}.Release|Any CPU.Build.0 = Release|Any CPU
		{1C097BA2-99E6-42A0-887C-9108E5265E6A}.Debug|Any CPU.ActiveCfg = Debug|Any CPU
		{1C097BA2-99E6-42A0-887C-9108E5265E6A}.Debug|Any CPU.Build.0 = Debug|Any CPU
		{1C097BA2-99E6-42A0-887C-9108E5265E6A}.Release|Any CPU.ActiveCfg = Release|Any CPU
		{1C097BA2-99E6-42A0-887C-9108E5265E6A}.Release|Any CPU.Build.0 = Release|Any CPU
	EndGlobalSection
	GlobalSection(SolutionProperties) = preSolution
		HideSolutionNode = FALSE
	EndGlobalSection
EndGlobal
